
Microsoft Visual Studio Solution File, Format Version 12.00
# Visual Studio Version 16
VisualStudioVersion = 16.0.32630.194
MinimumVisualStudioVersion = 10.0.40219.1
Project("{FAE04EC0-301F-11D3-BF4B-00C04F79EFBC}") = "4---FLEXBOX", "4---FLEXBOX.csproj", "{18057FA5-4C27-45EE-83AA-634CADF29658}"
EndProject
Global
	GlobalSection(SolutionConfigurationPlatforms) = preSolution
		Debug|Any CPU = Debug|Any CPU
		Release|Any CPU = Release|Any CPU
	EndGlobalSection
	GlobalSection(ProjectConfigurationPlatforms) = postSolution
		{18057FA5-4C27-45EE-83AA-634CADF29658}.Debug|Any CPU.ActiveCfg = Debug|Any CPU
		{18057FA5-4C27-45EE-83AA-634CADF29658}.Debug|Any CPU.Build.0 = Debug|Any CPU
		{18057FA5-4C27-45EE-83AA-634CADF29658}.Release|Any CPU.ActiveCfg = Release|Any CPU
		{18057FA5-4C27-45EE-83AA-634CADF29658}.Release|Any CPU.Build.0 = Release|Any CPU
	EndGlobalSection
	GlobalSection(SolutionProperties) = preSolution
		HideSolutionNode = FALSE
	EndGlobalSection
	GlobalSection(ExtensibilityGlobals) = postSolution
		SolutionGuid = {542660E8-E592-45D0-A9BE-1534F8302BF8}
	EndGlobalSection
EndGlobal
